PODS:
  - Flutter (1.0.0)
  - MTBBarcodeScanner (5.0.11)
  - qr_scanner (0.0.1):
    - Flutter
    - MTBBarcodeScanner

DEPENDENCIES:
  - Flutter (from `Flutter`)
  - qr_scanner (from `.symlinks/plugins/qr_scanner/ios`)

SPEC REPOS:
  trunk:
    - MTBBarcodeScanner

EXTERNAL SOURCES:
  Flutter:
    :path: Flutter
  qr_scanner:
    :path: ".symlinks/plugins/qr_scanner/ios"

SPEC CHECKSUMS:
  Flutter: 0e3d915762c693b495b44d77113d4970485de6ec
  MTBBarcodeScanner: f453b33c4b7dfe545d8c6484ed744d55671788cb
  qr_scanner: f18c322ff70e072a5c46f2273388f7f217696563

PODFILE CHECKSUM: 1b66dae606f75376c5f2135a8290850eeb09ae83

COCOAPODS: 1.8.4
